{
  "name": "map-project",
  "version": "1.0.0",
  "lockfileVersion": 1,
  "requires": true,
  "dependencies": {
    "@types/faker": {
      "version": "4.1.5",
      "resolved": "https://registry.npmjs.org/@types/faker/-/faker-4.1.5.tgz",
      "integrity": "sha512-YSDqoBEWYGdNk53xSkkb6REaUaVSlIjxIAGjj/nbLzlZOit7kUU+nA2zC2qQkIVO4MQ+3zl4Sz7aw+kbpHHHUQ=="
    },
    "@types/googlemaps": {
      "version": "3.37.2",
      "resolved": "https://registry.npmjs.org/@types/googlemaps/-/googlemaps-3.37.2.tgz",
      "integrity": "sha512-PPHDMJ6dWsnaagZewggiB7zJwWkNlZRV3SOeIAWMDNsI0TKhMJzPg7wEziczEoIKQh4ggM0xUFiiW9KZMivBXw=="
    },
    "faker": {
      "version": "4.1.0",
      "resolved": "https://registry.npmjs.org/faker/-/faker-4.1.0.tgz",
      "integrity": "sha1-HkW7vsxndLPBlfrSg1EJxtdIzD8="
    }
  }
}
